
Microsoft Visual Studio Solution File, Format Version 12.00
# Visual Studio Version 16
VisualStudioVersion = 16.0.30330.147
MinimumVisualStudioVersion = 10.0.40219.1
Project("{FAE04EC0-301F-11D3-BF4B-00C04F79EFBC}") = "SonarCubeCodeQuality", "SonarCubeCodeQuality.csproj", "{6C93BCAF-5122-4AB8-A489-E430188D447F}"
EndProject
Global
	GlobalSection(SolutionConfigurationPlatforms) = preSolution
		Debug|Any CPU = Debug|Any CPU
		Release|Any CPU = Release|Any CPU
	EndGlobalSection
	GlobalSection(ProjectConfigurationPlatforms) = postSolution
		{6C93BCAF-5122-4AB8-A489-E430188D447F}.Debug|Any CPU.ActiveCfg = Debug|Any CPU
		{6C93BCAF-5122-4AB8-A489-E430188D447F}.Debug|Any CPU.Build.0 = Debug|Any CPU
		{6C93BCAF-5122-4AB8-A489-E430188D447F}.Release|Any CPU.ActiveCfg = Release|Any CPU
		{6C93BCAF-5122-4AB8-A489-E430188D447F}.Release|Any CPU.Build.0 = Release|Any CPU
	EndGlobalSection
	GlobalSection(SolutionProperties) = preSolution
		HideSolutionNode = FALSE
	EndGlobalSection
	GlobalSection(ExtensibilityGlobals) = postSolution
		SolutionGuid = {DA2C4FD3-C5AB-407E-95B9-8B2ACABB27B3}
	EndGlobalSection
EndGlobal
